
Microsoft Visual Studio Solution File, Format Version 12.00
# Visual Studio Version 17
VisualStudioVersion = 17.14.36109.1 d17.14
MinimumVisualStudioVersion = 10.0.40219.1
Project("{FAE04EC0-301F-11D3-BF4B-00C04F79EFBC}") = "CrudEstadoCidadeCliente", "CrudEstadoCidadeCliente.csproj", "{460387F8-5415-4588-B2B7-83BE698FD683}"
EndProject
Global
	GlobalSection(SolutionConfigurationPlatforms) = preSolution
		Debug|Any CPU = Debug|Any CPU
		Release|Any CPU = Release|Any CPU
	EndGlobalSection
	GlobalSection(ProjectConfigurationPlatforms) = postSolution
		{460387F8-5415-4588-B2B7-83BE698FD683}.Debug|Any CPU.ActiveCfg = Debug|Any CPU
		{460387F8-5415-4588-B2B7-83BE698FD683}.Debug|Any CPU.Build.0 = Debug|Any CPU
		{460387F8-5415-4588-B2B7-83BE698FD683}.Release|Any CPU.ActiveCfg = Release|Any CPU
		{460387F8-5415-4588-B2B7-83BE698FD683}.Release|Any CPU.Build.0 = Release|Any CPU
	EndGlobalSection
	GlobalSection(SolutionProperties) = preSolution
		HideSolutionNode = FALSE
	EndGlobalSection
	GlobalSection(ExtensibilityGlobals) = postSolution
		SolutionGuid = {A4B63D4A-C3BC-4F3E-9576-2659258E9B60}
	EndGlobalSection
EndGlobal
